
Microsoft Visual Studio Solution File, Format Version 12.00
# Visual Studio Version 16
VisualStudioVersion = 16.0.30225.117
MinimumVisualStudioVersion = 10.0.40219.1
Project("{FAE04EC0-301F-11D3-BF4B-00C04F79EFBC}") = "Users.API", "Users.API\Users.API.csproj", "{B993CC0B-5A0E-48DE-8FC3-565279E7478D}"
EndProject
Project("{FAE04EC0-301F-11D3-BF4B-00C04F79EFBC}") = "Users.Domain", "Users.Domain\Users.Domain.csproj", "{66682764-CBE1-43AC-BAB4-5055FAFD6E47}"
EndProject
Project("{FAE04EC0-301F-11D3-BF4B-00C04F79EFBC}") = "Users.Application", "Users.Application\Users.Application.csproj", "{840EA550-4038-4F0F-B367-6E34BC80F82F}"
EndProject
Project("{FAE04EC0-301F-11D3-BF4B-00C04F79EFBC}") = "Users.Data", "Users.Data\Users.Data.csproj", "{39998D99-9C17-48DB-8F23-4080D06AA057}"
EndProject
Global
	GlobalSection(SolutionConfigurationPlatforms) = preSolution
		Debug|Any CPU = Debug|Any CPU
		Release|Any CPU = Release|Any CPU
	EndGlobalSection
	GlobalSection(ProjectConfigurationPlatforms) = postSolution
		{B993CC0B-5A0E-48DE-8FC3-565279E7478D}.Debug|Any CPU.ActiveCfg = Debug|Any CPU
		{B993CC0B-5A0E-48DE-8FC3-565279E7478D}.Debug|Any CPU.Build.0 = Debug|Any CPU
		{B993CC0B-5A0E-48DE-8FC3-565279E7478D}.Release|Any CPU.ActiveCfg = Release|Any CPU
		{B993CC0B-5A0E-48DE-8FC3-565279E7478D}.Release|Any CPU.Build.0 = Release|Any CPU
		{66682764-CBE1-43AC-BAB4-5055FAFD6E47}.Debug|Any CPU.ActiveCfg = Debug|Any CPU
		{66682764-CBE1-43AC-BAB4-5055FAFD6E47}.Debug|Any CPU.Build.0 = Debug|Any CPU
		{66682764-CBE1-43AC-BAB4-5055FAFD6E47}.Release|Any CPU.ActiveCfg = Release|Any CPU
		{66682764-CBE1-43AC-BAB4-5055FAFD6E47}.Release|Any CPU.Build.0 = Release|Any CPU
		{840EA550-4038-4F0F-B367-6E34BC80F82F}.Debug|Any CPU.ActiveCfg = Debug|Any CPU
		{840EA550-4038-4F0F-B367-6E34BC80F82F}.Debug|Any CPU.Build.0 = Debug|Any CPU
		{840EA550-4038-4F0F-B367-6E34BC80F82F}.Release|Any CPU.ActiveCfg = Release|Any CPU
		{840EA550-4038-4F0F-B367-6E34BC80F82F}.Release|Any CPU.Build.0 = Release|Any CPU
		{39998D99-9C17-48DB-8F23-4080D06AA057}.Debug|Any CPU.ActiveCfg = Debug|Any CPU
		{39998D99-9C17-48DB-8F23-4080D06AA057}.Debug|Any CPU.Build.0 = Debug|Any CPU
		{39998D99-9C17-48DB-8F23-4080D06AA057}.Release|Any CPU.ActiveCfg = Release|Any CPU
		{39998D99-9C17-48DB-8F23-4080D06AA057}.Release|Any CPU.Build.0 = Release|Any CPU
	EndGlobalSection
	GlobalSection(SolutionProperties) = preSolution
		HideSolutionNode = FALSE
	EndGlobalSection
	GlobalSection(ExtensibilityGlobals) = postSolution
		SolutionGuid = {E81B7995-3C4B-4E91-B804-635F5371E818}
	EndGlobalSection
EndGlobal
